
Microsoft Visual Studio Solution File, Format Version 12.00
# Visual Studio Version 17
VisualStudioVersion = 17.4.33122.133
MinimumVisualStudioVersion = 10.0.40219.1
Project("{FAE04EC0-301F-11D3-BF4B-00C04F79EFBC}") = "JPetStoreDemo", "JPetStoreDemo\JPetStoreDemo.csproj", "{0729587E-4975-471C-8C54-A693F1350D5A}"
EndProject
Project("{FAE04EC0-301F-11D3-BF4B-00C04F79EFBC}") = "JPetStore.Operations", "JPetStore.Operations\JPetStore.Operations.csproj", "{24BD3E52-FF79-4D0C-8A75-B99914583481}"
EndProject
Project("{FAE04EC0-301F-11D3-BF4B-00C04F79EFBC}") = "JPetStoreWebImplementation", "JPetStoreWebImplementation\JPetStoreWebImplementation.csproj", "{0FB4A292-6434-4143-8651-8C0AF0FF37A6}"
EndProject
Project("{FAE04EC0-301F-11D3-BF4B-00C04F79EFBC}") = "JPetStoreTestCases", "JPetStoreTestCases\JPetStoreTestCases.csproj", "{F5E78A14-FFD1-4DE3-A8FA-B6C4146B84F2}"
EndProject
Global
	GlobalSection(SolutionConfigurationPlatforms) = preSolution
		Debug|Any CPU = Debug|Any CPU
		Release|Any CPU = Release|Any CPU
	EndGlobalSection
	GlobalSection(ProjectConfigurationPlatforms) = postSolution
		{0729587E-4975-471C-8C54-A693F1350D5A}.Debug|Any CPU.ActiveCfg = Debug|Any CPU
		{0729587E-4975-471C-8C54-A693F1350D5A}.Debug|Any CPU.Build.0 = Debug|Any CPU
		{0729587E-4975-471C-8C54-A693F1350D5A}.Release|Any CPU.ActiveCfg = Release|Any CPU
		{0729587E-4975-471C-8C54-A693F1350D5A}.Release|Any CPU.Build.0 = Release|Any CPU
		{24BD3E52-FF79-4D0C-8A75-B99914583481}.Debug|Any CPU.ActiveCfg = Debug|Any CPU
		{24BD3E52-FF79-4D0C-8A75-B99914583481}.Debug|Any CPU.Build.0 = Debug|Any CPU
		{24BD3E52-FF79-4D0C-8A75-B99914583481}.Release|Any CPU.ActiveCfg = Release|Any CPU
		{24BD3E52-FF79-4D0C-8A75-B99914583481}.Release|Any CPU.Build.0 = Release|Any CPU
		{0FB4A292-6434-4143-8651-8C0AF0FF37A6}.Debug|Any CPU.ActiveCfg = Debug|Any CPU
		{0FB4A292-6434-4143-8651-8C0AF0FF37A6}.Debug|Any CPU.Build.0 = Debug|Any CPU
		{0FB4A292-6434-4143-8651-8C0AF0FF37A6}.Release|Any CPU.ActiveCfg = Release|Any CPU
		{0FB4A292-6434-4143-8651-8C0AF0FF37A6}.Release|Any CPU.Build.0 = Release|Any CPU
		{F5E78A14-FFD1-4DE3-A8FA-B6C4146B84F2}.Debug|Any CPU.ActiveCfg = Debug|Any CPU
		{F5E78A14-FFD1-4DE3-A8FA-B6C4146B84F2}.Debug|Any CPU.Build.0 = Debug|Any CPU
		{F5E78A14-FFD1-4DE3-A8FA-B6C4146B84F2}.Release|Any CPU.ActiveCfg = Release|Any CPU
		{F5E78A14-FFD1-4DE3-A8FA-B6C4146B84F2}.Release|Any CPU.Build.0 = Release|Any CPU
	EndGlobalSection
	GlobalSection(SolutionProperties) = preSolution
		HideSolutionNode = FALSE
	EndGlobalSection
	GlobalSection(ExtensibilityGlobals) = postSolution
		SolutionGuid = {F95E9BA5-5644-492D-BD1B-FDA097433FB8}
	EndGlobalSection
EndGlobal
